// !$*UTF8*$!
{
	archiveVersion = 1;
	classes = {
	};
	objectVersion = 46;
	objects = {

/* Begin PBXBuildFile section */
		5F4275131A06AA270076E0A0 /* AppDelegate.swift in Sources */ = {isa = PBXBuildFile; fileRef = 5F4275121A06AA270076E0A0 /* AppDelegate.swift */; };
		5F4275151A06AA270076E0A0 /* ViewController.swift in Sources */ = {isa = PBXBuildFile; fileRef = 5F4275141A06AA270076E0A0 /* ViewController.swift */; };
		5F4275181A06AA270076E0A0 /* Main.storyboard in Resources */ = {isa = PBXBuildFile; fileRef = 5F4275161A06AA270076E0A0 /* Main.storyboard */; };
		5F42751A1A06AA270076E0A0 /* Images.xcassets in Resources */ = {isa = PBXBuildFile; fileRef = 5F4275191A06AA270076E0A0 /* Images.xcassets */; };
		5F42751D1A06AA270076E0A0 /* LaunchScreen.xib in Resources */ = {isa = PBXBuildFile; fileRef = 5F42751B1A06AA270076E0A0 /* LaunchScreen.xib */; };
		5F4275291A06AA270076E0A0 /* Day_3___AlertTests.swift in Sources */ = {isa = PBXBuildFile; fileRef = 5F4275281A06AA270076E0A0 /* Day_3___AlertTests.swift */; };
/* End PBXBuildFile section */

/* Begin PBXContainerItemProxy section */
		5F4275231A06AA270076E0A0 /* PBXContainerItemProxy */ = {
			isa = PBXContainerItemProxy;
			containerPortal = 5F4275051A06AA270076E0A0 /* Project object */;
			proxyType = 1;
			remoteGlobalIDString = 5F42750C1A06AA270076E0A0;
			remoteInfo = "Day 3 - Alert";
		};
/* End PBXContainerItemProxy section */

/* Begin PBXFileReference section */
		5F42750D1A06AA270076E0A0 /* Day 3 - Alert.app */ = {isa = PBXFileReference; explicitFileType = wrapper.application; includeInIndex = 0; path = "Day 3 - Alert.app"; sourceTree = BUILT_PRODUCTS_DIR; };
		5F4275111A06AA270076E0A0 /* Info.plist */ = {isa = PBXFileReference; lastKnownFileType = text.plist.xml; path = Info.plist; sourceTree = "<group>"; };
		5F4275121A06AA270076E0A0 /* AppDelegate.swift */ = {isa = PBXFileReference; lastKnownFileType = sourcecode.swift; path = AppDelegate.swift; sourceTree = "<group>"; };
		5F4275141A06AA270076E0A0 /* ViewController.swift */ = {isa = PBXFileReference; lastKnownFileType = sourcecode.swift; path = ViewController.swift; sourceTree = "<group>"; };
		5F4275171A06AA270076E0A0 /* Base */ = {isa = PBXFileReference; lastKnownFileType = file.storyboard; name = Base; path = Base.lproj/Main.storyboard; sourceTree = "<group>"; };
		5F4275191A06AA270076E0A0 /* Images.xcassets */ = {isa = PBXFileReference; lastKnownFileType = folder.assetcatalog; path = Images.xcassets; sourceTree = "<group>"; };
		5F42751C1A06AA270076E0A0 /* Base */ = {isa = PBXFileReference; lastKnownFileType = file.xib; name = Base; path = Base.lproj/LaunchScreen.xib; sourceTree = "<group>"; };
		5F4275221A06AA270076E0A0 /* Day 3 - AlertTests.xctest */ = {isa = PBXFileReference; explicitFileType = wrapper.cfbundle; includeInIndex = 0; path = "Day 3 - AlertTests.xctest"; sourceTree = BUILT_PRODUCTS_DIR; };
		5F4275271A06AA270076E0A0 /* Info.plist */ = {isa = PBXFileReference; lastKnownFileType = text.plist.xml; path = Info.plist; sourceTree = "<group>"; };
		5F4275281A06AA270076E0A0 /* Day_3___AlertTests.swift */ = {isa = PBXFileReference; lastKnownFileType = sourcecode.swift; path = "Day_3___AlertTests.swift"; sourceTree = "<group>"; };
/* End PBXFileReference section */

/* Begin PBXFrameworksBuildPhase section */
		5F42750A1A06AA270076E0A0 /* Frameworks */ = {
			isa = PBXFrameworksBuildPhase;
			buildActionMask = 2147483647;
			files = (
			);
			runOnlyForDeploymentPostprocessing = 0;
		};
		5F42751F1A06AA270076E0A0 /* Frameworks */ = {
			isa = PBXFrameworksBuildPhase;
			buildActionMask = 2147483647;
			files = (
			);
			runOnlyForDeploymentPostprocessing = 0;
		};
/* End PBXFrameworksBuildPhase section */

/* Begin PBXGroup section */
		5F4275041A06AA270076E0A0 = {
			isa = PBXGroup;
			children = (
				5F42750F1A06AA270076E0A0 /* Day 3 - Alert */,
				5F4275251A06AA270076E0A0 /* Day 3 - AlertTests */,
				5F42750E1A06AA270076E0A0 /* Products */,
			);
			sourceTree = "<group>";
		};
		5F42750E1A06AA270076E0A0 /* Products */ = {
			isa = PBXGroup;
			children = (
				5F42750D1A06AA270076E0A0 /* Day 3 - Alert.app */,
				5F4275221A06AA270076E0A0 /* Day 3 - AlertTests.xctest */,
			);
			name = Products;
			sourceTree = "<group>";
		};
		5F42750F1A06AA270076E0A0 /* Day 3 - Alert */ = {
			isa = PBXGroup;
			children = (
				5F4275121A06AA270076E0A0 /* AppDelegate.swift */,
				5F4275141A06AA270076E0A0 /* ViewController.swift */,
				5F4275161A06AA270076E0A0 /* Main.storyboard */,
				5F4275191A06AA270076E0A0 /* Images.xcassets */,
				5F42751B1A06AA270076E0A0 /* LaunchScreen.xib */,
				5F4275101A06AA270076E0A0 /* Supporting Files */,
			);
			path = "Day 3 - Alert";
			sourceTree = "<group>";
		};
		5F4275101A06AA270076E0A0 /* Supporting Files */ = {
			isa = PBXGroup;
			children = (
				5F4275111A06AA270076E0A0 /* Info.plist */,
			);
			name = "Supporting Files";
			sourceTree = "<group>";
		};
		5F4275251A06AA270076E0A0 /* Day 3 - AlertTests */ = {
			isa = PBXGroup;
			children = (
				5F4275281A06AA270076E0A0 /* Day_3___AlertTests.swift */,
				5F4275261A06AA270076E0A0 /* Supporting Files */,
			);
			path = "Day 3 - AlertTests";
			sourceTree = "<group>";
		};
		5F4275261A06AA270076E0A0 /* Supporting Files */ = {
			isa = PBXGroup;
			children = (
				5F4275271A06AA270076E0A0 /* Info.plist */,
			);
			name = "Supporting Files";
			sourceTree = "<group>";
		};
/* End PBXGroup section */

/* Begin PBXNativeTarget section */
		5F42750C1A06AA270076E0A0 /* Day 3 - Alert */ = {
			isa = PBXNativeTarget;
			buildConfigurationList = 5F42752C1A06AA270076E0A0 /* Build configuration list for PBXNativeTarget "Day 3 - Alert" */;
			buildPhases = (
				5F4275091A06AA270076E0A0 /* Sources */,
				5F42750A1A06AA270076E0A0 /* Frameworks */,
				5F42750B1A06AA270076E0A0 /* Resources */,
			);
			buildRules = (
			);
			dependencies = (
			);
			name = "Day 3 - Alert";
			productName = "Day 3 - Alert";
			productReference = 5F42750D1A06AA270076E0A0 /* Day 3 - Alert.app */;
			productType = "com.apple.product-type.application";
		};
		5F4275211A06AA270076E0A0 /* Day 3 - AlertTests */ = {
			isa = PBXNativeTarget;
			buildConfigurationList = 5F42752F1A06AA270076E0A0 /* Build configuration list for PBXNativeTarget "Day 3 - AlertTests" */;
			buildPhases = (
				5F42751E1A06AA270076E0A0 /* Sources */,
				5F42751F1A06AA270076E0A0 /* Frameworks */,
				5F4275201A06AA270076E0A0 /* Resources */,
			);
			buildRules = (
			);
			dependencies = (
				5F4275241A06AA270076E0A0 /* PBXTargetDependency */,
			);
			name = "Day 3 - AlertTests";
			productName = "Day 3 - AlertTests";
			productReference = 5F4275221A06AA270076E0A0 /* Day 3 - AlertTests.xctest */;
			productType = "com.apple.product-type.bundle.unit-test";
		};
/* End PBXNativeTarget section */

/* Begin PBXProject section */
		5F4275051A06AA270076E0A0 /* Project object */ = {
			isa = PBXProject;
			attributes = {
				LastUpgradeCheck = 0610;
				ORGANIZATIONNAME = "Andrew Tat";
				TargetAttributes = {
					5F42750C1A06AA270076E0A0 = {
						CreatedOnToolsVersion = 6.1;
					};
					5F4275211A06AA270076E0A0 = {
						CreatedOnToolsVersion = 6.1;
						TestTargetID = 5F42750C1A06AA270076E0A0;
					};
				};
			};
			buildConfigurationList = 5F4275081A06AA270076E0A0 /* Build configuration list for PBXProject "Day 3 - Alert" */;
			compatibilityVersion = "Xcode 3.2";
			developmentRegion = English;
			hasScannedForEncodings = 0;
			knownRegions = (
				en,
				Base,
			);
			mainGroup = 5F4275041A06AA270076E0A0;
			productRefGroup = 5F42750E1A06AA270076E0A0 /* Products */;
			projectDirPath = "";
			projectRoot = "";
			targets = (
				5F42750C1A06AA270076E0A0 /* Day 3 - Alert */,
				5F4275211A06AA270076E0A0 /* Day 3 - AlertTests */,
			);
		};
/* End PBXProject section */

/* Begin PBXResourcesBuildPhase section */
		5F42750B1A06AA270076E0A0 /* Resources */ = {
			isa = PBXResourcesBuildPhase;
			buildActionMask = 2147483647;
			files = (
				5F4275181A06AA270076E0A0 /* Main.storyboard in Resources */,
				5F42751D1A06AA270076E0A0 /* LaunchScreen.xib in Resources */,
				5F42751A1A06AA270076E0A0 /* Images.xcassets in Resources */,
			);
			runOnlyForDeploymentPostprocessing = 0;
		};
		5F4275201A06AA270076E0A0 /* Resources */ = {
			isa = PBXResourcesBuildPhase;
			buildActionMask = 2147483647;
			files = (
			);
			runOnlyForDeploymentPostprocessing = 0;
		};
/* End PBXResourcesBuildPhase section */

/* Begin PBXSourcesBuildPhase section */
		5F4275091A06AA270076E0A0 /* Sources */ = {
			isa = PBXSourcesBuildPhase;
			buildActionMask = 2147483647;
			files = (
				5F4275151A06AA270076E0A0 /* ViewController.swift in Sources */,
				5F4275131A06AA270076E0A0 /* AppDelegate.swift in Sources */,
			);
			runOnlyForDeploymentPostprocessing = 0;
		};
		5F42751E1A06AA270076E0A0 /* Sources */ = {
			isa = PBXSourcesBuildPhase;
			buildActionMask = 2147483647;
			files = (
				5F4275291A06AA270076E0A0 /* Day_3___AlertTests.swift in Sources */,
			);
			runOnlyForDeploymentPostprocessing = 0;
		};
/* End PBXSourcesBuildPhase section */

/* Begin PBXTargetDependency section */
		5F4275241A06AA270076E0A0 /* PBXTargetDependency */ = {
			isa = PBXTargetDependency;
			target = 5F42750C1A06AA270076E0A0 /* Day 3 - Alert */;
			targetProxy = 5F4275231A06AA270076E0A0 /* PBXContainerItemProxy */;
		};
/* End PBXTargetDependency section */

/* Begin PBXVariantGroup section */
		5F4275161A06AA270076E0A0 /* Main.storyboard */ = {
			isa = PBXVariantGroup;
			children = (
				5F4275171A06AA270076E0A0 /* Base */,
			);
			name = Main.storyboard;
			sourceTree = "<group>";
		};
		5F42751B1A06AA270076E0A0 /* LaunchScreen.xib */ = {
			isa = PBXVariantGroup;
			children = (
				5F42751C1A06AA270076E0A0 /* Base */,
			);
			name = LaunchScreen.xib;
			sourceTree = "<group>";
		};
/* End PBXVariantGroup section */

/* Begin XCBuildConfiguration section */
		5F42752A1A06AA270076E0A0 /* Debug */ = {
			isa = XCBuildConfiguration;
			buildSettings = {
				ALWAYS_SEARCH_USER_PATHS = NO;
				CLANG_CXX_LANGUAGE_STANDARD = "gnu++0x";
				CLANG_CXX_LIBRARY = "libc++";
				CLANG_ENABLE_MODULES = YES;
				CLANG_ENABLE_OBJC_ARC = YES;
				CLANG_WARN_BOOL_CONVERSION = YES;
				CLANG_WARN_CONSTANT_CONVERSION = YES;
				CLANG_WARN_DIRECT_OBJC_ISA_USAGE = YES_ERROR;
				CLANG_WARN_EMPTY_BODY = YES;
				CLANG_WARN_ENUM_CONVERSION = YES;
				CLANG_WARN_INT_CONVERSION = YES;
				CLANG_WARN_OBJC_ROOT_CLASS = YES_ERROR;
				CLANG_WARN_UNREACHABLE_CODE = YES;
				CLANG_WARN__DUPLICATE_METHOD_MATCH = YES;
				"CODE_SIGN_IDENTITY[sdk=iphoneos*]" = "iPhone Developer";
				COPY_PHASE_STRIP = NO;
				ENABLE_STRICT_OBJC_MSGSEND = YES;
				GCC_C_LANGUAGE_STANDARD = gnu99;
				GCC_DYNAMIC_NO_PIC = NO;
				GCC_OPTIMIZATION_LEVEL = 0;
				GCC_PREPROCESSOR_DEFINITIONS = (
					"DEBUG=1",
					"$(inherited)",
				);
				GCC_SYMBOLS_PRIVATE_EXTERN = NO;
				GCC_WARN_64_TO_32_BIT_CONVERSION = YES;
				GCC_WARN_ABOUT_RETURN_TYPE = YES_ERROR;
				GCC_WARN_UNDECLARED_SELECTOR = YES;
				GCC_WARN_UNINITIALIZED_AUTOS = YES_AGGRESSIVE;
				GCC_WARN_UNUSED_FUNCTION = YES;
				GCC_WARN_UNUSED_VARIABLE = YES;
				IPHONEOS_DEPLOYMENT_TARGET = 8.1;
				MTL_ENABLE_DEBUG_INFO = YES;
				ONLY_ACTIVE_ARCH = YES;
				SDKROOT = iphoneos;
				SWIFT_OPTIMIZATION_LEVEL = "-Onone";
			};
			name = Debug;
		};
		5F42752B1A06AA270076E0A0 /* Release */ = {
			isa = XCBuildConfiguration;
			buildSettings = {
				ALWAYS_SEARCH_USER_PATHS = NO;
				CLANG_CXX_LANGUAGE_STANDARD = "gnu++0x";
				CLANG_CXX_LIBRARY = "libc++";
				CLANG_ENABLE_MODULES = YES;
				CLANG_ENABLE_OBJC_ARC = YES;
				CLANG_WARN_BOOL_CONVERSION = YES;
				CLANG_WARN_CONSTANT_CONVERSION = YES;
				CLANG_WARN_DIRECT_OBJC_ISA_USAGE = YES_ERROR;
				CLANG_WARN_EMPTY_BODY = YES;
				CLANG_WARN_ENUM_CONVERSION = YES;
				CLANG_WARN_INT_CONVERSION = YES;
				CLANG_WARN_OBJC_ROOT_CLASS = YES_ERROR;
				CLANG_WARN_UNREACHABLE_CODE = YES;
				CLANG_WARN__DUPLICATE_METHOD_MATCH = YES;
				"CODE_SIGN_IDENTITY[sdk=iphoneos*]" = "iPhone Developer";
				COPY_PHASE_STRIP = YES;
				ENABLE_NS_ASSERTIONS = NO;
				ENABLE_STRICT_OBJC_MSGSEND = YES;
				GCC_C_LANGUAGE_STANDARD = gnu99;
				GCC_WARN_64_TO_32_BIT_CONVERSION = YES;
				GCC_WARN_ABOUT_RETURN_TYPE = YES_ERROR;
				GCC_WARN_UNDECLARED_SELECTOR = YES;
				GCC_WARN_UNINITIALIZED_AUTOS = YES_AGGRESSIVE;
				GCC_WARN_UNUSED_FUNCTION = YES;
				GCC_WARN_UNUSED_VARIABLE = YES;
				IPHONEOS_DEPLOYMENT_TARGET = 8.1;
				MTL_ENABLE_DEBUG_INFO = NO;
				SDKROOT = iphoneos;
				VALIDATE_PRODUCT = YES;
			};
			name = Release;
		};
		5F42752D1A06AA270076E0A0 /* Debug */ = {
			isa = XCBuildConfiguration;
			buildSettings = {
				ASSETCATALOG_COMPILER_APPICON_NAME = AppIcon;
				INFOPLIST_FILE = "Day 3 - Alert/Info.plist";
				LD_RUNPATH_SEARCH_PATHS = "$(inherited) @executable_path/Frameworks";
				PRODUCT_NAME = "$(TARGET_NAME)";
			};
			name = Debug;
		};
		5F42752E1A06AA270076E0A0 /* Release */ = {
			isa = XCBuildConfiguration;
			buildSettings = {
				ASSETCATALOG_COMPILER_APPICON_NAME = AppIcon;
				INFOPLIST_FILE = "Day 3 - Alert/Info.plist";
				LD_RUNPATH_SEARCH_PATHS = "$(inherited) @executable_path/Frameworks";
				PRODUCT_NAME = "$(TARGET_NAME)";
			};
			name = Release;
		};
		5F4275301A06AA270076E0A0 /* Debug */ = {
			isa = XCBuildConfiguration;
			buildSettings = {
				BUNDLE_LOADER = "$(TEST_HOST)";
				FRAMEWORK_SEARCH_PATHS = (
					"$(SDKROOT)/Developer/Library/Frameworks",
					"$(inherited)",
				);
				GCC_PREPROCESSOR_DEFINITIONS = (
					"DEBUG=1",
					"$(inherited)",
				);
				INFOPLIST_FILE = "Day 3 - AlertTests/Info.plist";
				LD_RUNPATH_SEARCH_PATHS = "$(inherited) @executable_path/Frameworks @loader_path/Frameworks";
				PRODUCT_NAME = "$(TARGET_NAME)";
				TEST_HOST = "$(BUILT_PRODUCTS_DIR)/Day 3 - Alert.app/Day 3 - Alert";
			};
			name = Debug;
		};
		5F4275311A06AA270076E0A0 /* Release */ = {
			isa = XCBuildConfiguration;
			buildSettings = {
				BUNDLE_LOADER = "$(TEST_HOST)";
				FRAMEWORK_SEARCH_PATHS = (
					"$(SDKROOT)/Developer/Library/Frameworks",
					"$(inherited)",
				);
				INFOPLIST_FILE = "Day 3 - AlertTests/Info.plist";
				LD_RUNPATH_SEARCH_PATHS = "$(inherited) @executable_path/Frameworks @loader_path/Frameworks";
				PRODUCT_NAME = "$(TARGET_NAME)";
				TEST_HOST = "$(BUILT_PRODUCTS_DIR)/Day 3 - Alert.app/Day 3 - Alert";
			};
			name = Release;
		};
/* End XCBuildConfiguration section */

/* Begin XCConfigurationList section */
		5F4275081A06AA270076E0A0 /* Build configuration list for PBXProject "Day 3 - Alert" */ = {
			isa = XCConfigurationList;
			buildConfigurations = (
				5F42752A1A06AA270076E0A0 /* Debug */,
				5F42752B1A06AA270076E0A0 /* Release */,
			);
			defaultConfigurationIsVisible = 0;
			defaultConfigurationName = Release;
		};
		5F42752C1A06AA270076E0A0 /* Build configuration list for PBXNativeTarget "Day 3 - Alert" */ = {
			isa = XCConfigurationList;
			buildConfigurations = (
				5F42752D1A06AA270076E0A0 /* Debug */,
				5F42752E1A06AA270076E0A0 /* Release */,
			);
			defaultConfigurationIsVisible = 0;
		};
		5F42752F1A06AA270076E0A0 /* Build configuration list for PBXNativeTarget "Day 3 - AlertTests" */ = {
			isa = XCConfigurationList;
			buildConfigurations = (
				5F4275301A06AA270076E0A0 /* Debug */,
				5F4275311A06AA270076E0A0 /* Release */,
			);
			defaultConfigurationIsVisible = 0;
		};
/* End XCConfigurationList section */
	};
	rootObject = 5F4275051A06AA270076E0A0 /* Project object */;
}
